// !$*UTF8*$!
{
	archiveVersion = 1;
	classes = {
	};
	objectVersion = 46;
	objects = {

/* Begin PBXBuildFile section */
		BEE785521D61F31300CD09C4 /* main.m in Sources */ = {isa = PBXBuildFile; fileRef = BEE785511D61F31300CD09C4 /* main.m */; };
		BEE785551D61F31300CD09C4 /* AppDelegate.m in Sources */ = {isa = PBXBuildFile; fileRef = BEE785541D61F31300CD09C4 /* AppDelegate.m */; };
		BEE785581D61F31300CD09C4 /* ViewController.m in Sources */ = {isa = PBXBuildFile; fileRef = BEE785571D61F31300CD09C4 /* ViewController.m */; };
		BEE7855B1D61F31300CD09C4 /* Main.storyboard in Resources */ = {isa = PBXBuildFile; fileRef = BEE785591D61F31300CD09C4 /* Main.storyboard */; };
		BEE7855D1D61F31300CD09C4 /* Assets.xcassets in Resources */ = {isa = PBXBuildFile; fileRef = BEE7855C1D61F31300CD09C4 /* Assets.xcassets */; };
		BEE785601D61F31300CD09C4 /* LaunchScreen.storyboard in Resources */ = {isa = PBXBuildFile; fileRef = BEE7855E1D61F31300CD09C4 /* LaunchScreen.storyboard */; };
		BEE7856B1D61F31300CD09C4 /* ProjectTemplateTests.m in Sources */ = {isa = PBXBuildFile; fileRef = BEE7856A1D61F31300CD09C4 /* ProjectTemplateTests.m */; };
/* End PBXBuildFile section */

/* Begin PBXContainerItemProxy section */
		BEE785671D61F31300CD09C4 /* PBXContainerItemProxy */ = {
			isa = PBXContainerItemProxy;
			containerPortal = BEE785451D61F31300CD09C4 /* Project object */;
			proxyType = 1;
			remoteGlobalIDString = BEE7854C1D61F31300CD09C4;
			remoteInfo = ProjectTemplate;
		};
/* End PBXContainerItemProxy section */

/* Begin PBXFileReference section */
		BE20EE4C1D6209AE0096C42E /* Configuration.plist */ = {isa = PBXFileReference; fileEncoding = 4; lastKnownFileType = text.plist.xml; path = Configuration.plist; sourceTree = "<group>"; };
		BE20EE4E1D6209BA0096C42E /* Configuration.plist */ = {isa = PBXFileReference; fileEncoding = 4; lastKnownFileType = text.plist.xml; path = Configuration.plist; sourceTree = "<group>"; };
		BE20EE501D6209CC0096C42E /* Configuration.plist */ = {isa = PBXFileReference; fileEncoding = 4; lastKnownFileType = text.plist.xml; path = Configuration.plist; sourceTree = "<group>"; };
		BEE7854D1D61F31300CD09C4 /* ProjectTemplate.app */ = {isa = PBXFileReference; explicitFileType = wrapper.application; includeInIndex = 0; path = ProjectTemplate.app; sourceTree = BUILT_PRODUCTS_DIR; };
		BEE785511D61F31300CD09C4 /* main.m */ = {isa = PBXFileReference; lastKnownFileType = sourcecode.c.objc; path = main.m; sourceTree = "<group>"; };
		BEE785531D61F31300CD09C4 /* AppDelegate.h */ = {isa = PBXFileReference; lastKnownFileType = sourcecode.c.h; path = AppDelegate.h; sourceTree = "<group>"; };
		BEE785541D61F31300CD09C4 /* AppDelegate.m */ = {isa = PBXFileReference; lastKnownFileType = sourcecode.c.objc; path = AppDelegate.m; sourceTree = "<group>"; };
		BEE785561D61F31300CD09C4 /* ViewController.h */ = {isa = PBXFileReference; lastKnownFileType = sourcecode.c.h; path = ViewController.h; sourceTree = "<group>"; };
		BEE785571D61F31300CD09C4 /* ViewController.m */ = {isa = PBXFileReference; lastKnownFileType = sourcecode.c.objc; path = ViewController.m; sourceTree = "<group>"; };
		BEE7855A1D61F31300CD09C4 /* Base */ = {isa = PBXFileReference; lastKnownFileType = file.storyboard; name = Base; path = Base.lproj/Main.storyboard; sourceTree = "<group>"; };
		BEE7855C1D61F31300CD09C4 /* Assets.xcassets */ = {isa = PBXFileReference; lastKnownFileType = folder.assetcatalog; path = Assets.xcassets; sourceTree = "<group>"; };
		BEE7855F1D61F31300CD09C4 /* Base */ = {isa = PBXFileReference; lastKnownFileType = file.storyboard; name = Base; path = Base.lproj/LaunchScreen.storyboard; sourceTree = "<group>"; };
		BEE785611D61F31300CD09C4 /* Info.plist */ = {isa = PBXFileReference; lastKnownFileType = text.plist.xml; path = Info.plist; sourceTree = "<group>"; };
		BEE785661D61F31300CD09C4 /* ProjectTemplateTests.xctest */ = {isa = PBXFileReference; explicitFileType = wrapper.cfbundle; includeInIndex = 0; path = ProjectTemplateTests.xctest; sourceTree = BUILT_PRODUCTS_DIR; };
		BEE7856A1D61F31300CD09C4 /* ProjectTemplateTests.m */ = {isa = PBXFileReference; lastKnownFileType = sourcecode.c.objc; path = ProjectTemplateTests.m; sourceTree = "<group>"; };
		BEE7856C1D61F31300CD09C4 /* Info.plist */ = {isa = PBXFileReference; lastKnownFileType = text.plist.xml; path = Info.plist; sourceTree = "<group>"; };
/* End PBXFileReference section */

/* Begin PBXFrameworksBuildPhase section */
		BEE7854A1D61F31300CD09C4 /* Frameworks */ = {
			isa = PBXFrameworksBuildPhase;
			buildActionMask = 2147483647;
			files = (
			);
			runOnlyForDeploymentPostprocessing = 0;
		};
		BEE785631D61F31300CD09C4 /* Frameworks */ = {
			isa = PBXFrameworksBuildPhase;
			buildActionMask = 2147483647;
			files = (
			);
			runOnlyForDeploymentPostprocessing = 0;
		};
/* End PBXFrameworksBuildPhase section */

/* Begin PBXGroup section */
		BE20EE481D6208E70096C42E /* config */ = {
			isa = PBXGroup;
			children = (
				BE20EE4B1D6209160096C42E /* AdHoc */,
				BE20EE4A1D6209080096C42E /* Debug */,
				BE20EE491D6208F90096C42E /* Release */,
			);
			path = config;
			sourceTree = "<group>";
		};
		BE20EE491D6208F90096C42E /* Release */ = {
			isa = PBXGroup;
			children = (
				BE20EE501D6209CC0096C42E /* Configuration.plist */,
			);
			path = Release;
			sourceTree = "<group>";
		};
		BE20EE4A1D6209080096C42E /* Debug */ = {
			isa = PBXGroup;
			children = (
				BE20EE4E1D6209BA0096C42E /* Configuration.plist */,
			);
			path = Debug;
			sourceTree = "<group>";
		};
		BE20EE4B1D6209160096C42E /* AdHoc */ = {
			isa = PBXGroup;
			children = (
				BE20EE4C1D6209AE0096C42E /* Configuration.plist */,
			);
			path = AdHoc;
			sourceTree = "<group>";
		};
		BEE785441D61F31300CD09C4 = {
			isa = PBXGroup;
			children = (
				BEE7854F1D61F31300CD09C4 /* ProjectTemplate */,
				BEE785691D61F31300CD09C4 /* ProjectTemplateTests */,
				BEE7854E1D61F31300CD09C4 /* Products */,
			);
			sourceTree = "<group>";
		};
		BEE7854E1D61F31300CD09C4 /* Products */ = {
			isa = PBXGroup;
			children = (
				BEE7854D1D61F31300CD09C4 /* ProjectTemplate.app */,
				BEE785661D61F31300CD09C4 /* ProjectTemplateTests.xctest */,
			);
			name = Products;
			sourceTree = "<group>";
		};
		BEE7854F1D61F31300CD09C4 /* ProjectTemplate */ = {
			isa = PBXGroup;
			children = (
				BEE785531D61F31300CD09C4 /* AppDelegate.h */,
				BEE785541D61F31300CD09C4 /* AppDelegate.m */,
				BEE785561D61F31300CD09C4 /* ViewController.h */,
				BEE785571D61F31300CD09C4 /* ViewController.m */,
				BEE785591D61F31300CD09C4 /* Main.storyboard */,
				BEE7855C1D61F31300CD09C4 /* Assets.xcassets */,
				BEE7855E1D61F31300CD09C4 /* LaunchScreen.storyboard */,
				BEE785611D61F31300CD09C4 /* Info.plist */,
				BEE785501D61F31300CD09C4 /* Supporting Files */,
			);
			path = ProjectTemplate;
			sourceTree = "<group>";
		};
		BEE785501D61F31300CD09C4 /* Supporting Files */ = {
			isa = PBXGroup;
			children = (
				BE20EE481D6208E70096C42E /* config */,
				BEE785511D61F31300CD09C4 /* main.m */,
			);
			name = "Supporting Files";
			sourceTree = "<group>";
		};
		BEE785691D61F31300CD09C4 /* ProjectTemplateTests */ = {
			isa = PBXGroup;
			children = (
				BEE7856A1D61F31300CD09C4 /* ProjectTemplateTests.m */,
				BEE7856C1D61F31300CD09C4 /* Info.plist */,
			);
			path = ProjectTemplateTests;
			sourceTree = "<group>";
		};
/* End PBXGroup section */

/* Begin PBXNativeTarget section */
		BEE7854C1D61F31300CD09C4 /* ProjectTemplate */ = {
			isa = PBXNativeTarget;
			buildConfigurationList = BEE7856F1D61F31300CD09C4 /* Build configuration list for PBXNativeTarget "ProjectTemplate" */;
			buildPhases = (
				BEE785491D61F31300CD09C4 /* Sources */,
				BEE7854A1D61F31300CD09C4 /* Frameworks */,
				BEE7854B1D61F31300CD09C4 /* Resources */,
				BE20EE471D62089D0096C42E /* Copy Configuration Files */,
			);
			buildRules = (
			);
			dependencies = (
			);
			name = ProjectTemplate;
			productName = ProjectTemplate;
			productReference = BEE7854D1D61F31300CD09C4 /* ProjectTemplate.app */;
			productType = "com.apple.product-type.application";
		};
		BEE785651D61F31300CD09C4 /* ProjectTemplateTests */ = {
			isa = PBXNativeTarget;
			buildConfigurationList = BEE785721D61F31300CD09C4 /* Build configuration list for PBXNativeTarget "ProjectTemplateTests" */;
			buildPhases = (
				BEE785621D61F31300CD09C4 /* Sources */,
				BEE785631D61F31300CD09C4 /* Frameworks */,
				BEE785641D61F31300CD09C4 /* Resources */,
			);
			buildRules = (
			);
			dependencies = (
				BEE785681D61F31300CD09C4 /* PBXTargetDependency */,
			);
			name = ProjectTemplateTests;
			productName = ProjectTemplateTests;
			productReference = BEE785661D61F31300CD09C4 /* ProjectTemplateTests.xctest */;
			productType = "com.apple.product-type.bundle.unit-test";
		};
/* End PBXNativeTarget section */

/* Begin PBXProject section */
		BEE785451D61F31300CD09C4 /* Project object */ = {
			isa = PBXProject;
			attributes = {
				LastUpgradeCheck = 0730;
				ORGANIZATIONNAME = ken;
				TargetAttributes = {
					BEE7854C1D61F31300CD09C4 = {
						CreatedOnToolsVersion = 7.3.1;
					};
					BEE785651D61F31300CD09C4 = {
						CreatedOnToolsVersion = 7.3.1;
						TestTargetID = BEE7854C1D61F31300CD09C4;
					};
				};
			};
			buildConfigurationList = BEE785481D61F31300CD09C4 /* Build configuration list for PBXProject "ProjectTemplate" */;
			compatibilityVersion = "Xcode 3.2";
			developmentRegion = English;
			hasScannedForEncodings = 0;
			knownRegions = (
				en,
				Base,
			);
			mainGroup = BEE785441D61F31300CD09C4;
			productRefGroup = BEE7854E1D61F31300CD09C4 /* Products */;
			projectDirPath = "";
			projectRoot = "";
			targets = (
				BEE7854C1D61F31300CD09C4 /* ProjectTemplate */,
				BEE785651D61F31300CD09C4 /* ProjectTemplateTests */,
			);
		};
/* End PBXProject section */

/* Begin PBXResourcesBuildPhase section */
		BEE7854B1D61F31300CD09C4 /* Resources */ = {
			isa = PBXResourcesBuildPhase;
			buildActionMask = 2147483647;
			files = (
				BEE785601D61F31300CD09C4 /* LaunchScreen.storyboard in Resources */,
				BEE7855D1D61F31300CD09C4 /* Assets.xcassets in Resources */,
				BEE7855B1D61F31300CD09C4 /* Main.storyboard in Resources */,
			);
			runOnlyForDeploymentPostprocessing = 0;
		};
		BEE785641D61F31300CD09C4 /* Resources */ = {
			isa = PBXResourcesBuildPhase;
			buildActionMask = 2147483647;
			files = (
			);
			runOnlyForDeploymentPostprocessing = 0;
		};
/* End PBXResourcesBuildPhase section */

/* Begin PBXShellScriptBuildPhase section */
		BE20EE471D62089D0096C42E /* Copy Configuration Files */ = {
			isa = PBXShellScriptBuildPhase;
			buildActionMask = 2147483647;
			files = (
			);
			inputPaths = (
			);
			name = "Copy Configuration Files";
			outputPaths = (
			);
			runOnlyForDeploymentPostprocessing = 0;
			shellPath = /bin/sh;
			shellScript = "echo \"CONFIGURATION -> ${CONFIGURATION}\"\nRESOURCE_PATH=${SRCROOT}/${PRODUCT_NAME}/config/${CONFIGURATION}\n\nBUILD_APP_DIR=${BUILT_PRODUCTS_DIR}/${PRODUCT_NAME}.app\n\necho \"Copying all files under ${RESOURCE_PATH} to ${BUILD_APP_DIR}\"\ncp -v \"${RESOURCE_PATH}/\"* \"${BUILD_APP_DIR}/\"";
		};
/* End PBXShellScriptBuildPhase section */

/* Begin PBXSourcesBuildPhase section */
		BEE785491D61F31300CD09C4 /* Sources */ = {
			isa = PBXSourcesBuildPhase;
			buildActionMask = 2147483647;
			files = (
				BEE785581D61F31300CD09C4 /* ViewController.m in Sources */,
				BEE785551D61F31300CD09C4 /* AppDelegate.m in Sources */,
				BEE785521D61F31300CD09C4 /* main.m in Sources */,
			);
			runOnlyForDeploymentPostprocessing = 0;
		};
		BEE785621D61F31300CD09C4 /* Sources */ = {
			isa = PBXSourcesBuildPhase;
			buildActionMask = 2147483647;
			files = (
				BEE7856B1D61F31300CD09C4 /* ProjectTemplateTests.m in Sources */,
			);
			runOnlyForDeploymentPostprocessing = 0;
		};
/* End PBXSourcesBuildPhase section */

/* Begin PBXTargetDependency section */
		BEE785681D61F31300CD09C4 /* PBXTargetDependency */ = {
			isa = PBXTargetDependency;
			target = BEE7854C1D61F31300CD09C4 /* ProjectTemplate */;
			targetProxy = BEE785671D61F31300CD09C4 /* PBXContainerItemProxy */;
		};
/* End PBXTargetDependency section */

/* Begin PBXVariantGroup section */
		BEE785591D61F31300CD09C4 /* Main.storyboard */ = {
			isa = PBXVariantGroup;
			children = (
				BEE7855A1D61F31300CD09C4 /* Base */,
			);
			name = Main.storyboard;
			sourceTree = "<group>";
		};
		BEE7855E1D61F31300CD09C4 /* LaunchScreen.storyboard */ = {
			isa = PBXVariantGroup;
			children = (
				BEE7855F1D61F31300CD09C4 /* Base */,
			);
			name = LaunchScreen.storyboard;
			sourceTree = "<group>";
		};
/* End PBXVariantGroup section */

/* Begin XCBuildConfiguration section */
		BEE7856D1D61F31300CD09C4 /* Debug */ = {
			isa = XCBuildConfiguration;
			buildSettings = {
				ALWAYS_SEARCH_USER_PATHS = NO;
				CLANG_ANALYZER_NONNULL = YES;
				CLANG_CXX_LANGUAGE_STANDARD = "gnu++0x";
				CLANG_CXX_LIBRARY = "libc++";
				CLANG_ENABLE_MODULES = YES;
				CLANG_ENABLE_OBJC_ARC = YES;
				CLANG_WARN_BOOL_CONVERSION = YES;
				CLANG_WARN_CONSTANT_CONVERSION = YES;
				CLANG_WARN_DIRECT_OBJC_ISA_USAGE = YES_ERROR;
				CLANG_WARN_EMPTY_BODY = YES;
				CLANG_WARN_ENUM_CONVERSION = YES;
				CLANG_WARN_INT_CONVERSION = YES;
				CLANG_WARN_OBJC_ROOT_CLASS = YES_ERROR;
				CLANG_WARN_UNREACHABLE_CODE = YES;
				CLANG_WARN__DUPLICATE_METHOD_MATCH = YES;
				"CODE_SIGN_IDENTITY[sdk=iphoneos*]" = "iPhone Developer";
				COPY_PHASE_STRIP = NO;
				CustomAppBundleld = .Debug;
				CustomProductName = ".α";
				DEBUG_INFORMATION_FORMAT = dwarf;
				ENABLE_STRICT_OBJC_MSGSEND = YES;
				ENABLE_TESTABILITY = YES;
				GCC_C_LANGUAGE_STANDARD = gnu99;
				GCC_DYNAMIC_NO_PIC = NO;
				GCC_NO_COMMON_BLOCKS = YES;
				GCC_OPTIMIZATION_LEVEL = 0;
				GCC_PREPROCESSOR_DEFINITIONS = (
					"DEBUG=1",
					"$(inherited)",
				);
				GCC_WARN_64_TO_32_BIT_CONVERSION = YES;
				GCC_WARN_ABOUT_RETURN_TYPE = YES_ERROR;
				GCC_WARN_UNDECLARED_SELECTOR = YES;
				GCC_WARN_UNINITIALIZED_AUTOS = YES_AGGRESSIVE;
				GCC_WARN_UNUSED_FUNCTION = YES;
				GCC_WARN_UNUSED_VARIABLE = YES;
				IPHONEOS_DEPLOYMENT_TARGET = 9.3;
				MTL_ENABLE_DEBUG_INFO = YES;
				ONLY_ACTIVE_ARCH = YES;
				SDKROOT = iphoneos;
			};
			name = Debug;
		};
		BEE7856E1D61F31300CD09C4 /* Release */ = {
			isa = XCBuildConfiguration;
			buildSettings = {
				ALWAYS_SEARCH_USER_PATHS = NO;
				CLANG_ANALYZER_NONNULL = YES;
				CLANG_CXX_LANGUAGE_STANDARD = "gnu++0x";
				CLANG_CXX_LIBRARY = "libc++";
				CLANG_ENABLE_MODULES = YES;
				CLANG_ENABLE_OBJC_ARC = YES;
				CLANG_WARN_BOOL_CONVERSION = YES;
				CLANG_WARN_CONSTANT_CONVERSION = YES;
				CLANG_WARN_DIRECT_OBJC_ISA_USAGE = YES_ERROR;
				CLANG_WARN_EMPTY_BODY = YES;
				CLANG_WARN_ENUM_CONVERSION = YES;
				CLANG_WARN_INT_CONVERSION = YES;
				CLANG_WARN_OBJC_ROOT_CLASS = YES_ERROR;
				CLANG_WARN_UNREACHABLE_CODE = YES;
				CLANG_WARN__DUPLICATE_METHOD_MATCH = YES;
				"CODE_SIGN_IDENTITY[sdk=iphoneos*]" = "iPhone Developer";
				COPY_PHASE_STRIP = NO;
				CustomAppBundleld = "";
				CustomProductName = "";
				DEBUG_INFORMATION_FORMAT = "dwarf-with-dsym";
				ENABLE_NS_ASSERTIONS = NO;
				ENABLE_STRICT_OBJC_MSGSEND = YES;
				GCC_C_LANGUAGE_STANDARD = gnu99;
				GCC_NO_COMMON_BLOCKS = YES;
				GCC_WARN_64_TO_32_BIT_CONVERSION = YES;
				GCC_WARN_ABOUT_RETURN_TYPE = YES_ERROR;
				GCC_WARN_UNDECLARED_SELECTOR = YES;
				GCC_WARN_UNINITIALIZED_AUTOS = YES_AGGRESSIVE;
				GCC_WARN_UNUSED_FUNCTION = YES;
				GCC_WARN_UNUSED_VARIABLE = YES;
				IPHONEOS_DEPLOYMENT_TARGET = 9.3;
				MTL_ENABLE_DEBUG_INFO = NO;
				SDKROOT = iphoneos;
				VALIDATE_PRODUCT = YES;
			};
			name = Release;
		};
		BEE785701D61F31300CD09C4 /* Debug */ = {
			isa = XCBuildConfiguration;
			buildSettings = {
				ASSETCATALOG_COMPILER_APPICON_NAME = AppIcon;
				CustomAppBundleld = .Debug;
				CustomProductName = ".α";
				INFOPLIST_FILE = ProjectTemplate/Info.plist;
				LD_RUNPATH_SEARCH_PATHS = "$(inherited) @executable_path/Frameworks";
				PRODUCT_BUNDLE_IDENTIFIER = com.kensla.ProjectTemplate;
				PRODUCT_NAME = "$(TARGET_NAME)";
			};
			name = Debug;
		};
		BEE785711D61F31300CD09C4 /* Release */ = {
			isa = XCBuildConfiguration;
			buildSettings = {
				ASSETCATALOG_COMPILER_APPICON_NAME = AppIcon;
				INFOPLIST_FILE = ProjectTemplate/Info.plist;
				LD_RUNPATH_SEARCH_PATHS = "$(inherited) @executable_path/Frameworks";
				PRODUCT_BUNDLE_IDENTIFIER = com.kensla.ProjectTemplate;
				PRODUCT_NAME = "$(TARGET_NAME)";
			};
			name = Release;
		};
		BEE785731D61F31300CD09C4 /* Debug */ = {
			isa = XCBuildConfiguration;
			buildSettings = {
				BUNDLE_LOADER = "$(TEST_HOST)";
				INFOPLIST_FILE = ProjectTemplateTests/Info.plist;
				LD_RUNPATH_SEARCH_PATHS = "$(inherited) @executable_path/Frameworks @loader_path/Frameworks";
				PRODUCT_BUNDLE_IDENTIFIER = com.kensla.ProjectTemplateTests;
				PRODUCT_NAME = "$(TARGET_NAME)";
				TEST_HOST = "$(BUILT_PRODUCTS_DIR)/ProjectTemplate.app/ProjectTemplate";
			};
			name = Debug;
		};
		BEE785741D61F31300CD09C4 /* Release */ = {
			isa = XCBuildConfiguration;
			buildSettings = {
				BUNDLE_LOADER = "$(TEST_HOST)";
				INFOPLIST_FILE = ProjectTemplateTests/Info.plist;
				LD_RUNPATH_SEARCH_PATHS = "$(inherited) @executable_path/Frameworks @loader_path/Frameworks";
				PRODUCT_BUNDLE_IDENTIFIER = com.kensla.ProjectTemplateTests;
				PRODUCT_NAME = "$(TARGET_NAME)";
				TEST_HOST = "$(BUILT_PRODUCTS_DIR)/ProjectTemplate.app/ProjectTemplate";
			};
			name = Release;
		};
		BEFBBA041D61F64E0062B198 /* AdHoc */ = {
			isa = XCBuildConfiguration;
			buildSettings = {
				ALWAYS_SEARCH_USER_PATHS = NO;
				CLANG_ANALYZER_NONNULL = YES;
				CLANG_CXX_LANGUAGE_STANDARD = "gnu++0x";
				CLANG_CXX_LIBRARY = "libc++";
				CLANG_ENABLE_MODULES = YES;
				CLANG_ENABLE_OBJC_ARC = YES;
				CLANG_WARN_BOOL_CONVERSION = YES;
				CLANG_WARN_CONSTANT_CONVERSION = YES;
				CLANG_WARN_DIRECT_OBJC_ISA_USAGE = YES_ERROR;
				CLANG_WARN_EMPTY_BODY = YES;
				CLANG_WARN_ENUM_CONVERSION = YES;
				CLANG_WARN_INT_CONVERSION = YES;
				CLANG_WARN_OBJC_ROOT_CLASS = YES_ERROR;
				CLANG_WARN_UNREACHABLE_CODE = YES;
				CLANG_WARN__DUPLICATE_METHOD_MATCH = YES;
				"CODE_SIGN_IDENTITY[sdk=iphoneos*]" = "iPhone Developer";
				COPY_PHASE_STRIP = NO;
				CustomAppBundleld = .AdHoc;
				CustomProductName = ".β";
				DEBUG_INFORMATION_FORMAT = "dwarf-with-dsym";
				ENABLE_NS_ASSERTIONS = NO;
				ENABLE_STRICT_OBJC_MSGSEND = YES;
				GCC_C_LANGUAGE_STANDARD = gnu99;
				GCC_NO_COMMON_BLOCKS = YES;
				GCC_WARN_64_TO_32_BIT_CONVERSION = YES;
				GCC_WARN_ABOUT_RETURN_TYPE = YES_ERROR;
				GCC_WARN_UNDECLARED_SELECTOR = YES;
				GCC_WARN_UNINITIALIZED_AUTOS = YES_AGGRESSIVE;
				GCC_WARN_UNUSED_FUNCTION = YES;
				GCC_WARN_UNUSED_VARIABLE = YES;
				IPHONEOS_DEPLOYMENT_TARGET = 9.3;
				MTL_ENABLE_DEBUG_INFO = NO;
				SDKROOT = iphoneos;
				VALIDATE_PRODUCT = YES;
			};
			name = AdHoc;
		};
		BEFBBA051D61F64E0062B198 /* AdHoc */ = {
			isa = XCBuildConfiguration;
			buildSettings = {
				ASSETCATALOG_COMPILER_APPICON_NAME = AppIcon;
				CustomAppBundleld = .AdHoc;
				CustomProductName = ".β";
				INFOPLIST_FILE = ProjectTemplate/Info.plist;
				LD_RUNPATH_SEARCH_PATHS = "$(inherited) @executable_path/Frameworks";
				PRODUCT_BUNDLE_IDENTIFIER = com.kensla.ProjectTemplate;
				PRODUCT_NAME = "$(TARGET_NAME)";
			};
			name = AdHoc;
		};
		BEFBBA061D61F64E0062B198 /* AdHoc */ = {
			isa = XCBuildConfiguration;
			buildSettings = {
				BUNDLE_LOADER = "$(TEST_HOST)";
				INFOPLIST_FILE = ProjectTemplateTests/Info.plist;
				LD_RUNPATH_SEARCH_PATHS = "$(inherited) @executable_path/Frameworks @loader_path/Frameworks";
				PRODUCT_BUNDLE_IDENTIFIER = com.kensla.ProjectTemplateTests;
				PRODUCT_NAME = "$(TARGET_NAME)";
				TEST_HOST = "$(BUILT_PRODUCTS_DIR)/ProjectTemplate.app/ProjectTemplate";
			};
			name = AdHoc;
		};
/* End XCBuildConfiguration section */

/* Begin XCConfigurationList section */
		BEE785481D61F31300CD09C4 /* Build configuration list for PBXProject "ProjectTemplate" */ = {
			isa = XCConfigurationList;
			buildConfigurations = (
				BEE7856D1D61F31300CD09C4 /* Debug */,
				BEE7856E1D61F31300CD09C4 /* Release */,
				BEFBBA041D61F64E0062B198 /* AdHoc */,
			);
			defaultConfigurationIsVisible = 0;
			defaultConfigurationName = Release;
		};
		BEE7856F1D61F31300CD09C4 /* Build configuration list for PBXNativeTarget "ProjectTemplate" */ = {
			isa = XCConfigurationList;
			buildConfigurations = (
				BEE785701D61F31300CD09C4 /* Debug */,
				BEE785711D61F31300CD09C4 /* Release */,
				BEFBBA051D61F64E0062B198 /* AdHoc */,
			);
			defaultConfigurationIsVisible = 0;
			defaultConfigurationName = Release;
		};
		BEE785721D61F31300CD09C4 /* Build configuration list for PBXNativeTarget "ProjectTemplateTests" */ = {
			isa = XCConfigurationList;
			buildConfigurations = (
				BEE785731D61F31300CD09C4 /* Debug */,
				BEE785741D61F31300CD09C4 /* Release */,
				BEFBBA061D61F64E0062B198 /* AdHoc */,
			);
			defaultConfigurationIsVisible = 0;
			defaultConfigurationName = Release;
		};
/* End XCConfigurationList section */
	};
	rootObject = BEE785451D61F31300CD09C4 /* Project object */;
}
